// !$*UTF8*$!
{
	archiveVersion = 1;
	classes = {
	};
	objectVersion = 50;
	objects = {

/* Begin PBXBuildFile section */
		E2A84DB323B88F5100983DD0 /* AppDelegate.swift in Sources */ = {isa = PBXBuildFile; fileRef = E2A84DB223B88F5100983DD0 /* AppDelegate.swift */; };
		E2A84DB523B88F5100983DD0 /* SceneDelegate.swift in Sources */ = {isa = PBXBuildFile; fileRef = E2A84DB423B88F5100983DD0 /* SceneDelegate.swift */; };
		E2A84DB723B88F5100983DD0 /* ContentView.swift in Sources */ = {isa = PBXBuildFile; fileRef = E2A84DB623B88F5100983DD0 /* ContentView.swift */; };
		E2A84DB923B88F5200983DD0 /* Assets.xcassets in Resources */ = {isa = PBXBuildFile; fileRef = E2A84DB823B88F5200983DD0 /* Assets.xcassets */; };
		E2A84DBC23B88F5200983DD0 /* Preview Assets.xcassets in Resources */ = {isa = PBXBuildFile; fileRef = E2A84DBB23B88F5200983DD0 /* Preview Assets.xcassets */; };
		E2A84DBF23B88F5200983DD0 /* LaunchScreen.storyboard in Resources */ = {isa = PBXBuildFile; fileRef = E2A84DBD23B88F5200983DD0 /* LaunchScreen.storyboard */; };
/* End PBXBuildFile section */

/* Begin PBXFileReference section */
		E2A84DAF23B88F5100983DD0 /* DayOneSwiftUI.app */ = {isa = PBXFileReference; explicitFileType = wrapper.application; includeInIndex = 0; path = DayOneSwiftUI.app; sourceTree = BUILT_PRODUCTS_DIR; };
		E2A84DB223B88F5100983DD0 /* AppDelegate.swift */ = {isa = PBXFileReference; lastKnownFileType = sourcecode.swift; path = AppDelegate.swift; sourceTree = "<group>"; };
		E2A84DB423B88F5100983DD0 /* SceneDelegate.swift */ = {isa = PBXFileReference; lastKnownFileType = sourcecode.swift; path = SceneDelegate.swift; sourceTree = "<group>"; };
		E2A84DB623B88F5100983DD0 /* ContentView.swift */ = {isa = PBXFileReference; lastKnownFileType = sourcecode.swift; path = ContentView.swift; sourceTree = "<group>"; };
		E2A84DB823B88F5200983DD0 /* Assets.xcassets */ = {isa = PBXFileReference; lastKnownFileType = folder.assetcatalog; path = Assets.xcassets; sourceTree = "<group>"; };
		E2A84DBB23B88F5200983DD0 /* Preview Assets.xcassets */ = {isa = PBXFileReference; lastKnownFileType = folder.assetcatalog; path = "Preview Assets.xcassets"; sourceTree = "<group>"; };
		E2A84DBE23B88F5200983DD0 /* Base */ = {isa = PBXFileReference; lastKnownFileType = file.storyboard; name = Base; path = Base.lproj/LaunchScreen.storyboard; sourceTree = "<group>"; };
		E2A84DC023B88F5200983DD0 /* Info.plist */ = {isa = PBXFileReference; lastKnownFileType = text.plist.xml; path = Info.plist; sourceTree = "<group>"; };
/* End PBXFileReference section */

/* Begin PBXFrameworksBuildPhase section */
		E2A84DAC23B88F5100983DD0 /* Frameworks */ = {
			isa = PBXFrameworksBuildPhase;
			buildActionMask = 2147483647;
			files = (
			);
			runOnlyForDeploymentPostprocessing = 0;
		};
/* End PBXFrameworksBuildPhase section */

/* Begin PBXGroup section */
		E2A84DA623B88F5100983DD0 = {
			isa = PBXGroup;
			children = (
				E2A84DB123B88F5100983DD0 /* DayOneSwiftUI */,
				E2A84DB023B88F5100983DD0 /* Products */,
			);
			sourceTree = "<group>";
		};
		E2A84DB023B88F5100983DD0 /* Products */ = {
			isa = PBXGroup;
			children = (
				E2A84DAF23B88F5100983DD0 /* DayOneSwiftUI.app */,
			);
			name = Products;
			sourceTree = "<group>";
		};
		E2A84DB123B88F5100983DD0 /* DayOneSwiftUI */ = {
			isa = PBXGroup;
			children = (
				E2A84DB223B88F5100983DD0 /* AppDelegate.swift */,
				E2A84DB423B88F5100983DD0 /* SceneDelegate.swift */,
				E2A84DB623B88F5100983DD0 /* ContentView.swift */,
				E2A84DB823B88F5200983DD0 /* Assets.xcassets */,
				E2A84DBD23B88F5200983DD0 /* LaunchScreen.storyboard */,
				E2A84DC023B88F5200983DD0 /* Info.plist */,
				E2A84DBA23B88F5200983DD0 /* Preview Content */,
			);
			path = DayOneSwiftUI;
			sourceTree = "<group>";
		};
		E2A84DBA23B88F5200983DD0 /* Preview Content */ = {
			isa = PBXGroup;
			children = (
				E2A84DBB23B88F5200983DD0 /* Preview Assets.xcassets */,
			);
			path = "Preview Content";
			sourceTree = "<group>";
		};
/* End PBXGroup section */

/* Begin PBXNativeTarget section */
		E2A84DAE23B88F5100983DD0 /* DayOneSwiftUI */ = {
			isa = PBXNativeTarget;
			buildConfigurationList = E2A84DC323B88F5200983DD0 /* Build configuration list for PBXNativeTarget "DayOneSwiftUI" */;
			buildPhases = (
				E2A84DAB23B88F5100983DD0 /* Sources */,
				E2A84DAC23B88F5100983DD0 /* Frameworks */,
				E2A84DAD23B88F5100983DD0 /* Resources */,
			);
			buildRules = (
			);
			dependencies = (
			);
			name = DayOneSwiftUI;
			productName = DayOneSwiftUI;
			productReference = E2A84DAF23B88F5100983DD0 /* DayOneSwiftUI.app */;
			productType = "com.apple.product-type.application";
		};
/* End PBXNativeTarget section */

/* Begin PBXProject section */
		E2A84DA723B88F5100983DD0 /* Project object */ = {
			isa = PBXProject;
			attributes = {
				LastSwiftUpdateCheck = 1130;
				LastUpgradeCheck = 1130;
				ORGANIZATIONNAME = "Jules Lee";
				TargetAttributes = {
					E2A84DAE23B88F5100983DD0 = {
						CreatedOnToolsVersion = 11.3;
					};
				};
			};
			buildConfigurationList = E2A84DAA23B88F5100983DD0 /* Build configuration list for PBXProject "DayOneSwiftUI" */;
			compatibilityVersion = "Xcode 9.3";
			developmentRegion = en;
			hasScannedForEncodings = 0;
			knownRegions = (
				en,
				Base,
			);
			mainGroup = E2A84DA623B88F5100983DD0;
			productRefGroup = E2A84DB023B88F5100983DD0 /* Products */;
			projectDirPath = "";
			projectRoot = "";
			targets = (
				E2A84DAE23B88F5100983DD0 /* DayOneSwiftUI */,
			);
		};
/* End PBXProject section */

/* Begin PBXResourcesBuildPhase section */
		E2A84DAD23B88F5100983DD0 /* Resources */ = {
			isa = PBXResourcesBuildPhase;
			buildActionMask = 2147483647;
			files = (
				E2A84DBF23B88F5200983DD0 /* LaunchScreen.storyboard in Resources */,
				E2A84DBC23B88F5200983DD0 /* Preview Assets.xcassets in Resources */,
				E2A84DB923B88F5200983DD0 /* Assets.xcassets in Resources */,
			);
			runOnlyForDeploymentPostprocessing = 0;
		};
/* End PBXResourcesBuildPhase section */

/* Begin PBXSourcesBuildPhase section */
		E2A84DAB23B88F5100983DD0 /* Sources */ = {
			isa = PBXSourcesBuildPhase;
			buildActionMask = 2147483647;
			files = (
				E2A84DB323B88F5100983DD0 /* AppDelegate.swift in Sources */,
				E2A84DB523B88F5100983DD0 /* SceneDelegate.swift in Sources */,
				E2A84DB723B88F5100983DD0 /* ContentView.swift in Sources */,
			);
			runOnlyForDeploymentPostprocessing = 0;
		};
/* End PBXSourcesBuildPhase section */

/* Begin PBXVariantGroup section */
		E2A84DBD23B88F5200983DD0 /* LaunchScreen.storyboard */ = {
			isa = PBXVariantGroup;
			children = (
				E2A84DBE23B88F5200983DD0 /* Base */,
			);
			name = LaunchScreen.storyboard;
			sourceTree = "<group>";
		};
/* End PBXVariantGroup section */

/* Begin XCBuildConfiguration section */
		E2A84DC123B88F5200983DD0 /* Debug */ = {
			isa = XCBuildConfiguration;
			buildSettings = {
				ALWAYS_SEARCH_USER_PATHS = NO;
				CLANG_ANALYZER_NONNULL = YES;
				CLANG_ANALYZER_NUMBER_OBJECT_CONVERSION = YES_AGGRESSIVE;
				CLANG_CXX_LANGUAGE_STANDARD = "gnu++14";
				CLANG_CXX_LIBRARY = "libc++";
				CLANG_ENABLE_MODULES = YES;
				CLANG_ENABLE_OBJC_ARC = YES;
				CLANG_ENABLE_OBJC_WEAK = YES;
				CLANG_WARN_BLOCK_CAPTURE_AUTORELEASING = YES;
				CLANG_WARN_BOOL_CONVERSION = YES;
				CLANG_WARN_COMMA = YES;
				CLANG_WARN_CONSTANT_CONVERSION = YES;
				CLANG_WARN_DEPRECATED_OBJC_IMPLEMENTATIONS = YES;
				CLANG_WARN_DIRECT_OBJC_ISA_USAGE = YES_ERROR;
				CLANG_WARN_DOCUMENTATION_COMMENTS = YES;
				CLANG_WARN_EMPTY_BODY = YES;
				CLANG_WARN_ENUM_CONVERSION = YES;
				CLANG_WARN_INFINITE_RECURSION = YES;
				CLANG_WARN_INT_CONVERSION = YES;
				CLANG_WARN_NON_LITERAL_NULL_CONVERSION = YES;
				CLANG_WARN_OBJC_IMPLICIT_RETAIN_SELF = YES;
				CLANG_WARN_OBJC_LITERAL_CONVERSION = YES;
				CLANG_WARN_OBJC_ROOT_CLASS = YES_ERROR;
				CLANG_WARN_RANGE_LOOP_ANALYSIS = YES;
				CLANG_WARN_STRICT_PROTOTYPES = YES;
				CLANG_WARN_SUSPICIOUS_MOVE = YES;
				CLANG_WARN_UNGUARDED_AVAILABILITY = YES_AGGRESSIVE;
				CLANG_WARN_UNREACHABLE_CODE = YES;
				CLANG_WARN__DUPLICATE_METHOD_MATCH = YES;
				COPY_PHASE_STRIP = NO;
				DEBUG_INFORMATION_FORMAT = dwarf;
				ENABLE_STRICT_OBJC_MSGSEND = YES;
				ENABLE_TESTABILITY = YES;
				GCC_C_LANGUAGE_STANDARD = gnu11;
				GCC_DYNAMIC_NO_PIC = NO;
				GCC_NO_COMMON_BLOCKS = YES;
				GCC_OPTIMIZATION_LEVEL = 0;
				GCC_PREPROCESSOR_DEFINITIONS = (
					"DEBUG=1",
					"$(inherited)",
				);
				GCC_WARN_64_TO_32_BIT_CONVERSION = YES;
				GCC_WARN_ABOUT_RETURN_TYPE = YES_ERROR;
				GCC_WARN_UNDECLARED_SELECTOR = YES;
				GCC_WARN_UNINITIALIZED_AUTOS = YES_AGGRESSIVE;
				GCC_WARN_UNUSED_FUNCTION = YES;
				GCC_WARN_UNUSED_VARIABLE = YES;
				IPHONEOS_DEPLOYMENT_TARGET = 13.2;
				MTL_ENABLE_DEBUG_INFO = INCLUDE_SOURCE;
				MTL_FAST_MATH = YES;
				ONLY_ACTIVE_ARCH = YES;
				SDKROOT = iphoneos;
				SWIFT_ACTIVE_COMPILATION_CONDITIONS = DEBUG;
				SWIFT_OPTIMIZATION_LEVEL = "-Onone";
			};
			name = Debug;
		};
		E2A84DC223B88F5200983DD0 /* Release */ = {
			isa = XCBuildConfiguration;
			buildSettings = {
				ALWAYS_SEARCH_USER_PATHS = NO;
				CLANG_ANALYZER_NONNULL = YES;
				CLANG_ANALYZER_NUMBER_OBJECT_CONVERSION = YES_AGGRESSIVE;
				CLANG_CXX_LANGUAGE_STANDARD = "gnu++14";
				CLANG_CXX_LIBRARY = "libc++";
				CLANG_ENABLE_MODULES = YES;
				CLANG_ENABLE_OBJC_ARC = YES;
				CLANG_ENABLE_OBJC_WEAK = YES;
				CLANG_WARN_BLOCK_CAPTURE_AUTORELEASING = YES;
				CLANG_WARN_BOOL_CONVERSION = YES;
				CLANG_WARN_COMMA = YES;
				CLANG_WARN_CONSTANT_CONVERSION = YES;
				CLANG_WARN_DEPRECATED_OBJC_IMPLEMENTATIONS = YES;
				CLANG_WARN_DIRECT_OBJC_ISA_USAGE = YES_ERROR;
				CLANG_WARN_DOCUMENTATION_COMMENTS = YES;
				CLANG_WARN_EMPTY_BODY = YES;
				CLANG_WARN_ENUM_CONVERSION = YES;
				CLANG_WARN_INFINITE_RECURSION = YES;
				CLANG_WARN_INT_CONVERSION = YES;
				CLANG_WARN_NON_LITERAL_NULL_CONVERSION = YES;
				CLANG_WARN_OBJC_IMPLICIT_RETAIN_SELF = YES;
				CLANG_WARN_OBJC_LITERAL_CONVERSION = YES;
				CLANG_WARN_OBJC_ROOT_CLASS = YES_ERROR;
				CLANG_WARN_RANGE_LOOP_ANALYSIS = YES;
				CLANG_WARN_STRICT_PROTOTYPES = YES;
				CLANG_WARN_SUSPICIOUS_MOVE = YES;
				CLANG_WARN_UNGUARDED_AVAILABILITY = YES_AGGRESSIVE;
				CLANG_WARN_UNREACHABLE_CODE = YES;
				CLANG_WARN__DUPLICATE_METHOD_MATCH = YES;
				COPY_PHASE_STRIP = NO;
				DEBUG_INFORMATION_FORMAT = "dwarf-with-dsym";
				ENABLE_NS_ASSERTIONS = NO;
				ENABLE_STRICT_OBJC_MSGSEND = YES;
				GCC_C_LANGUAGE_STANDARD = gnu11;
				GCC_NO_COMMON_BLOCKS = YES;
				GCC_WARN_64_TO_32_BIT_CONVERSION = YES;
				GCC_WARN_ABOUT_RETURN_TYPE = YES_ERROR;
				GCC_WARN_UNDECLARED_SELECTOR = YES;
				GCC_WARN_UNINITIALIZED_AUTOS = YES_AGGRESSIVE;
				GCC_WARN_UNUSED_FUNCTION = YES;
				GCC_WARN_UNUSED_VARIABLE = YES;
				IPHONEOS_DEPLOYMENT_TARGET = 13.2;
				MTL_ENABLE_DEBUG_INFO = NO;
				MTL_FAST_MATH = YES;
				SDKROOT = iphoneos;
				SWIFT_COMPILATION_MODE = wholemodule;
				SWIFT_OPTIMIZATION_LEVEL = "-O";
				VALIDATE_PRODUCT = YES;
			};
			name = Release;
		};
		E2A84DC423B88F5200983DD0 /* Debug */ = {
			isa = XCBuildConfiguration;
			buildSettings = {
				ASSETCATALOG_COMPILER_APPICON_NAME = AppIcon;
				CODE_SIGN_STYLE = Automatic;
				DEVELOPMENT_ASSET_PATHS = "\"DayOneSwiftUI/Preview Content\"";
				DEVELOPMENT_TEAM = ZPFY37265E;
				ENABLE_PREVIEWS = YES;
				INFOPLIST_FILE = DayOneSwiftUI/Info.plist;
				LD_RUNPATH_SEARCH_PATHS = (
					"$(inherited)",
					"@executable_path/Frameworks",
				);
				PRODUCT_BUNDLE_IDENTIFIER = com.iosjunkie.DayOneSwiftUI;
				PRODUCT_NAME = "$(TARGET_NAME)";
				SWIFT_VERSION = 5.0;
				TARGETED_DEVICE_FAMILY = "1,2";
			};
			name = Debug;
		};
		E2A84DC523B88F5200983DD0 /* Release */ = {
			isa = XCBuildConfiguration;
			buildSettings = {
				ASSETCATALOG_COMPILER_APPICON_NAME = AppIcon;
				CODE_SIGN_STYLE = Automatic;
				DEVELOPMENT_ASSET_PATHS = "\"DayOneSwiftUI/Preview Content\"";
				DEVELOPMENT_TEAM = ZPFY37265E;
				ENABLE_PREVIEWS = YES;
				INFOPLIST_FILE = DayOneSwiftUI/Info.plist;
				LD_RUNPATH_SEARCH_PATHS = (
					"$(inherited)",
					"@executable_path/Frameworks",
				);
				PRODUCT_BUNDLE_IDENTIFIER = com.iosjunkie.DayOneSwiftUI;
				PRODUCT_NAME = "$(TARGET_NAME)";
				SWIFT_VERSION = 5.0;
				TARGETED_DEVICE_FAMILY = "1,2";
			};
			name = Release;
		};
/* End XCBuildConfiguration section */

/* Begin XCConfigurationList section */
		E2A84DAA23B88F5100983DD0 /* Build configuration list for PBXProject "DayOneSwiftUI" */ = {
			isa = XCConfigurationList;
			buildConfigurations = (
				E2A84DC123B88F5200983DD0 /* Debug */,
				E2A84DC223B88F5200983DD0 /* Release */,
			);
			defaultConfigurationIsVisible = 0;
			defaultConfigurationName = Release;
		};
		E2A84DC323B88F5200983DD0 /* Build configuration list for PBXNativeTarget "DayOneSwiftUI" */ = {
			isa = XCConfigurationList;
			buildConfigurations = (
				E2A84DC423B88F5200983DD0 /* Debug */,
				E2A84DC523B88F5200983DD0 /* Release */,
			);
			defaultConfigurationIsVisible = 0;
			defaultConfigurationName = Release;
		};
/* End XCConfigurationList section */
	};
	rootObject = E2A84DA723B88F5100983DD0 /* Project object */;
}
